
Microsoft Visual Studio Solution File, Format Version 12.00
# Visual Studio Version 16
VisualStudioVersion = 16.0.30413.136
MinimumVisualStudioVersion = 10.0.40219.1
Project("{FAE04EC0-301F-11D3-BF4B-00C04F79EFBC}") = "ShoppingMail2", "ShoppingMail2\ShoppingMail2.csproj", "{AC3E2AF6-3562-4894-ABB8-33D380F48A76}"
EndProject
Global
	GlobalSection(SolutionConfigurationPlatforms) = preSolution
		Debug|Any CPU = Debug|Any CPU
		Release|Any CPU = Release|Any CPU
	EndGlobalSection
	GlobalSection(ProjectConfigurationPlatforms) = postSolution
		{AC3E2AF6-3562-4894-ABB8-33D380F48A76}.Debug|Any CPU.ActiveCfg = Debug|Any CPU
		{AC3E2AF6-3562-4894-ABB8-33D380F48A76}.Debug|Any CPU.Build.0 = Debug|Any CPU
		{AC3E2AF6-3562-4894-ABB8-33D380F48A76}.Release|Any CPU.ActiveCfg = Release|Any CPU
		{AC3E2AF6-3562-4894-ABB8-33D380F48A76}.Release|Any CPU.Build.0 = Release|Any CPU
	EndGlobalSection
	GlobalSection(SolutionProperties) = preSolution
		HideSolutionNode = FALSE
	EndGlobalSection
	GlobalSection(ExtensibilityGlobals) = postSolution
		SolutionGuid = {97AC7649-F1B4-43F5-BA4D-EE5FB36C23C0}
	EndGlobalSection
EndGlobal
