
Microsoft Visual Studio Solution File, Format Version 12.00
# Visual Studio Version 16
VisualStudioVersion = 16.0.30523.141
MinimumVisualStudioVersion = 10.0.40219.1
Project("{FAE04EC0-301F-11D3-BF4B-00C04F79EFBC}") = "Bank", "Bank\Bank.csproj", "{3E9599D3-B993-427B-85C6-F1A940571EB1}"
EndProject
Global
	GlobalSection(SolutionConfigurationPlatforms) = preSolution
		Debug|Any CPU = Debug|Any CPU
		Release|Any CPU = Release|Any CPU
	EndGlobalSection
	GlobalSection(ProjectConfigurationPlatforms) = postSolution
		{3E9599D3-B993-427B-85C6-F1A940571EB1}.Debug|Any CPU.ActiveCfg = Debug|Any CPU
		{3E9599D3-B993-427B-85C6-F1A940571EB1}.Debug|Any CPU.Build.0 = Debug|Any CPU
		{3E9599D3-B993-427B-85C6-F1A940571EB1}.Release|Any CPU.ActiveCfg = Release|Any CPU
		{3E9599D3-B993-427B-85C6-F1A940571EB1}.Release|Any CPU.Build.0 = Release|Any CPU
	EndGlobalSection
	GlobalSection(SolutionProperties) = preSolution
		HideSolutionNode = FALSE
	EndGlobalSection
	GlobalSection(ExtensibilityGlobals) = postSolution
		SolutionGuid = {49957D75-ED6E-4E75-86D2-89DD09F477FD}
	EndGlobalSection
EndGlobal
