
Microsoft Visual Studio Solution File, Format Version 12.00
# Visual Studio Version 16
VisualStudioVersion = 16.0.30413.136
MinimumVisualStudioVersion = 10.0.40219.1
Project("{FAE04EC0-301F-11D3-BF4B-00C04F79EFBC}") = "GolfClub", "GolfClub\GolfClub.csproj", "{EFD00923-E9FF-4770-B1C2-73A41ACAC8D0}"
EndProject
Global
	GlobalSection(SolutionConfigurationPlatforms) = preSolution
		Debug|Any CPU = Debug|Any CPU
		Release|Any CPU = Release|Any CPU
	EndGlobalSection
	GlobalSection(ProjectConfigurationPlatforms) = postSolution
		{EFD00923-E9FF-4770-B1C2-73A41ACAC8D0}.Debug|Any CPU.ActiveCfg = Debug|Any CPU
		{EFD00923-E9FF-4770-B1C2-73A41ACAC8D0}.Debug|Any CPU.Build.0 = Debug|Any CPU
		{EFD00923-E9FF-4770-B1C2-73A41ACAC8D0}.Release|Any CPU.ActiveCfg = Release|Any CPU
		{EFD00923-E9FF-4770-B1C2-73A41ACAC8D0}.Release|Any CPU.Build.0 = Release|Any CPU
	EndGlobalSection
	GlobalSection(SolutionProperties) = preSolution
		HideSolutionNode = FALSE
	EndGlobalSection
	GlobalSection(ExtensibilityGlobals) = postSolution
		SolutionGuid = {83E6633A-54C2-4F08-B71E-F06E43B1FF91}
	EndGlobalSection
EndGlobal
