
Microsoft Visual Studio Solution File, Format Version 12.00
# Visual Studio Version 16
VisualStudioVersion = 16.0.30413.136
MinimumVisualStudioVersion = 10.0.40219.1
Project("{FAE04EC0-301F-11D3-BF4B-00C04F79EFBC}") = "ShoppingMail", "ShoppingMail\ShoppingMail.csproj", "{5EF546E7-BB3B-4032-86C1-60B4370050AB}"
EndProject
Global
	GlobalSection(SolutionConfigurationPlatforms) = preSolution
		Debug|Any CPU = Debug|Any CPU
		Release|Any CPU = Release|Any CPU
	EndGlobalSection
	GlobalSection(ProjectConfigurationPlatforms) = postSolution
		{5EF546E7-BB3B-4032-86C1-60B4370050AB}.Debug|Any CPU.ActiveCfg = Debug|Any CPU
		{5EF546E7-BB3B-4032-86C1-60B4370050AB}.Debug|Any CPU.Build.0 = Debug|Any CPU
		{5EF546E7-BB3B-4032-86C1-60B4370050AB}.Release|Any CPU.ActiveCfg = Release|Any CPU
		{5EF546E7-BB3B-4032-86C1-60B4370050AB}.Release|Any CPU.Build.0 = Release|Any CPU
	EndGlobalSection
	GlobalSection(SolutionProperties) = preSolution
		HideSolutionNode = FALSE
	EndGlobalSection
	GlobalSection(ExtensibilityGlobals) = postSolution
		SolutionGuid = {DC3F322E-9A44-4F1C-9D96-547663A58FDB}
	EndGlobalSection
EndGlobal
