
Microsoft Visual Studio Solution File, Format Version 12.00
# Visual Studio Version 16
VisualStudioVersion = 16.0.30413.136
MinimumVisualStudioVersion = 10.0.40219.1
Project("{FAE04EC0-301F-11D3-BF4B-00C04F79EFBC}") = "MyMusic", "MyMusic\MyMusic.csproj", "{64AFBCC7-E296-4A28-81F3-56FF22402D0A}"
EndProject
Global
	GlobalSection(SolutionConfigurationPlatforms) = preSolution
		Debug|Any CPU = Debug|Any CPU
		Release|Any CPU = Release|Any CPU
	EndGlobalSection
	GlobalSection(ProjectConfigurationPlatforms) = postSolution
		{64AFBCC7-E296-4A28-81F3-56FF22402D0A}.Debug|Any CPU.ActiveCfg = Debug|Any CPU
		{64AFBCC7-E296-4A28-81F3-56FF22402D0A}.Debug|Any CPU.Build.0 = Debug|Any CPU
		{64AFBCC7-E296-4A28-81F3-56FF22402D0A}.Release|Any CPU.ActiveCfg = Release|Any CPU
		{64AFBCC7-E296-4A28-81F3-56FF22402D0A}.Release|Any CPU.Build.0 = Release|Any CPU
	EndGlobalSection
	GlobalSection(SolutionProperties) = preSolution
		HideSolutionNode = FALSE
	EndGlobalSection
	GlobalSection(ExtensibilityGlobals) = postSolution
		SolutionGuid = {02FE7518-5D46-490D-8612-D641638296D9}
	EndGlobalSection
EndGlobal
